PODS:
  - AFNetworking (2.2.1):
    - AFNetworking/NSURLConnection
    - AFNetworking/NSURLSession
    - AFNetworking/Reachability
    - AFNetworking/Security
    - AFNetworking/Serialization
    - AFNetworking/UIKit
  - AFNetworking/NSURLConnection (2.2.1):
    - AFNetworking/Reachability
    - AFNetworking/Security
    - AFNetworking/Serialization
  - AFNetworking/NSURLSession (2.2.1):
    - AFNetworking/NSURLConnection
  - AFNetworking/Reachability (2.2.1)
  - AFNetworking/Security (2.2.1)
  - AFNetworking/Serialization (2.2.1)
  - AFNetworking/UIKit (2.2.1):
    - AFNetworking/NSURLConnection
    - AFNetworking/NSURLSession
  - AGMedallionView (1.1.0)
  - ECSlidingViewController (2.0.1)
  - Facebook-iOS-SDK (3.13.0)
  - GarsonAPI (0.1.0):
    - AFNetworking (~> 2.2)
    - Facebook-iOS-SDK (~> 3.12)
    - Mantle (~> 1.3)
    - ReactiveCocoa (~> 2.2)
    - SSKeychain (~> 1.2)
  - Mantle (1.4.1):
    - Mantle/extobjc
  - Mantle/extobjc (1.4.1)
  - ReactiveCocoa (2.3):
    - ReactiveCocoa/Core
    - ReactiveCocoa/no-arc
  - ReactiveCocoa/Core (2.3):
    - ReactiveCocoa/no-arc
  - ReactiveCocoa/no-arc (2.3)
  - SSKeychain (1.2.1)

DEPENDENCIES:
  - AFNetworking (~> 2.2.0)
  - AGMedallionView (~> 1.1.0)
  - ECSlidingViewController (~> 2.0.1)
  - GarsonAPI (from `../GarsonAPI/GarsonAPI.podspec`)

EXTERNAL SOURCES:
  GarsonAPI:
    :path: ../GarsonAPI/GarsonAPI.podspec

SPEC CHECKSUMS:
  AFNetworking: 0121f4b69be3fa58d1ab317866e036e12ac9651d
  AGMedallionView: 0c7c7e3eca4a0feb7c4c1347c31bc3b7576650d8
  ECSlidingViewController: d7bb96ee5bbe261ed80ee16a513f94b9fd3c9767
  Facebook-iOS-SDK: 5788541337dc88265bc940cb5ffb05915f9b64e3
  GarsonAPI: 646934f4e78af6da95a24794ccec3d645c343c11
  Mantle: 0714cdb2b8559d9e6c2410d6a8529e3307bff189
  ReactiveCocoa: 1f6265f9d521923d3efcc37b00722cefc16df269
  SSKeychain: d18926838c2e7cd342e2a49e9f869858e49f035a

COCOAPODS: 0.29.0
