// !$*UTF8*$!
{
	archiveVersion = 1;
	classes = {
	};
	objectVersion = 46;
	objects = {

/* Begin PBXBuildFile section */
		180CC02718E55BDF00983AA2 /* CVNOrderViewController.m in Sources */ = {isa = PBXBuildFile; fileRef = 180CC02618E55BDF00983AA2 /* CVNOrderViewController.m */; };
		180CC02818E55BDF00983AA2 /* CVNOrderViewController.m in Sources */ = {isa = PBXBuildFile; fileRef = 180CC02618E55BDF00983AA2 /* CVNOrderViewController.m */; };
		180CC02A18E763DC00983AA2 /* CVNUserTile.xib in Resources */ = {isa = PBXBuildFile; fileRef = 180CC02918E763DC00983AA2 /* CVNUserTile.xib */; };
		180CC02B18E763DC00983AA2 /* CVNUserTile.xib in Resources */ = {isa = PBXBuildFile; fileRef = 180CC02918E763DC00983AA2 /* CVNUserTile.xib */; };
		18C9EC6A18EA8EBF008D8344 /* CVNMenuSectionsViewController.m in Sources */ = {isa = PBXBuildFile; fileRef = 18C9EC6918EA8EBF008D8344 /* CVNMenuSectionsViewController.m */; };
		18C9EC6B18EA8EBF008D8344 /* CVNMenuSectionsViewController.m in Sources */ = {isa = PBXBuildFile; fileRef = 18C9EC6918EA8EBF008D8344 /* CVNMenuSectionsViewController.m */; };
		18C9EC6D18EAA22C008D8344 /* settings_local.plist in Resources */ = {isa = PBXBuildFile; fileRef = 18C9EC6C18EAA22C008D8344 /* settings_local.plist */; };
		18C9EC6E18EAA22C008D8344 /* settings_local.plist in Resources */ = {isa = PBXBuildFile; fileRef = 18C9EC6C18EAA22C008D8344 /* settings_local.plist */; };
		18C9EC7B18EBEDC1008D8344 /* CVNMenuSectionCell.m in Sources */ = {isa = PBXBuildFile; fileRef = 18C9EC7A18EBEDC1008D8344 /* CVNMenuSectionCell.m */; };
		18C9EC7C18EBEDC1008D8344 /* CVNMenuSectionCell.m in Sources */ = {isa = PBXBuildFile; fileRef = 18C9EC7A18EBEDC1008D8344 /* CVNMenuSectionCell.m */; };
		18C9EC7E18EBF816008D8344 /* hi_lo_sample.json in Resources */ = {isa = PBXBuildFile; fileRef = 18C9EC7D18EBF816008D8344 /* hi_lo_sample.json */; };
		18C9EC7F18EBF816008D8344 /* hi_lo_sample.json in Resources */ = {isa = PBXBuildFile; fileRef = 18C9EC7D18EBF816008D8344 /* hi_lo_sample.json */; };
		18C9EC8618ED26A5008D8344 /* CVNMenuItemCell.m in Sources */ = {isa = PBXBuildFile; fileRef = 18C9EC8518ED26A5008D8344 /* CVNMenuItemCell.m */; };
		18C9EC8718ED26A5008D8344 /* CVNMenuItemCell.m in Sources */ = {isa = PBXBuildFile; fileRef = 18C9EC8518ED26A5008D8344 /* CVNMenuItemCell.m */; };
		18CCA44B18DF765F00DBFCE1 /* Lato-Bla.ttf in Resources */ = {isa = PBXBuildFile; fileRef = 18CCA44818DF765F00DBFCE1 /* Lato-Bla.ttf */; };
		18CCA44C18DF765F00DBFCE1 /* Lato-Bol.ttf in Resources */ = {isa = PBXBuildFile; fileRef = 18CCA44918DF765F00DBFCE1 /* Lato-Bol.ttf */; };
		18CCA44D18DF765F00DBFCE1 /* Lato-Reg.ttf in Resources */ = {isa = PBXBuildFile; fileRef = 18CCA44A18DF765F00DBFCE1 /* Lato-Reg.ttf */; };
		18CCA45018E0067900DBFCE1 /* CVNMenuViewController.m in Sources */ = {isa = PBXBuildFile; fileRef = 18CCA44F18E0067900DBFCE1 /* CVNMenuViewController.m */; };
		18CCA45118E0067900DBFCE1 /* CVNMenuViewController.m in Sources */ = {isa = PBXBuildFile; fileRef = 18CCA44F18E0067900DBFCE1 /* CVNMenuViewController.m */; };
		18CCA4A418E2C77A00DBFCE1 /* CVNUserTile.m in Sources */ = {isa = PBXBuildFile; fileRef = 18CCA4A318E2C77A00DBFCE1 /* CVNUserTile.m */; };
		18CCA4A518E2C77A00DBFCE1 /* CVNUserTile.m in Sources */ = {isa = PBXBuildFile; fileRef = 18CCA4A318E2C77A00DBFCE1 /* CVNUserTile.m */; };
		18D8CB9818E88F4D00321E8C /* CVNOrderSummaryView.m in Sources */ = {isa = PBXBuildFile; fileRef = 18D8CB9718E88F4D00321E8C /* CVNOrderSummaryView.m */; };
		18D8CB9918E88F4D00321E8C /* CVNOrderSummaryView.m in Sources */ = {isa = PBXBuildFile; fileRef = 18D8CB9718E88F4D00321E8C /* CVNOrderSummaryView.m */; };
		18D8CB9B18E88F6400321E8C /* CVNOrderSummaryView.xib in Resources */ = {isa = PBXBuildFile; fileRef = 18D8CB9A18E88F6400321E8C /* CVNOrderSummaryView.xib */; };
		18D8CB9C18E88F6400321E8C /* CVNOrderSummaryView.xib in Resources */ = {isa = PBXBuildFile; fileRef = 18D8CB9A18E88F6400321E8C /* CVNOrderSummaryView.xib */; };
		18D8CBA918E8EDC400321E8C /* CVNOrderItemCell.m in Sources */ = {isa = PBXBuildFile; fileRef = 18D8CBA818E8EDC400321E8C /* CVNOrderItemCell.m */; };
		18D8CBAA18E8EDC400321E8C /* CVNOrderItemCell.m in Sources */ = {isa = PBXBuildFile; fileRef = 18D8CBA818E8EDC400321E8C /* CVNOrderItemCell.m */; };
		18D8CBAD18E91F2900321E8C /* CVNMenuItemsViewController.m in Sources */ = {isa = PBXBuildFile; fileRef = 18D8CBAC18E91F2900321E8C /* CVNMenuItemsViewController.m */; };
		18D8CBAE18E91F2900321E8C /* CVNMenuItemsViewController.m in Sources */ = {isa = PBXBuildFile; fileRef = 18D8CBAC18E91F2900321E8C /* CVNMenuItemsViewController.m */; };
		1CE3B3FC740E4725899AA57A /* libPods.a in Frameworks */ = {isa = PBXBuildFile; fileRef = A72D012F03864A1DAB50660D /* libPods.a */; };
		BD71AAB118F8EBDF00AD00AA /* CVNMenuContainerViewController.m in Sources */ = {isa = PBXBuildFile; fileRef = BD71AAB018F8EBDF00AD00AA /* CVNMenuContainerViewController.m */; };
		BD71AAB218F8EBDF00AD00AA /* CVNMenuContainerViewController.m in Sources */ = {isa = PBXBuildFile; fileRef = BD71AAB018F8EBDF00AD00AA /* CVNMenuContainerViewController.m */; };
		BD71AAB518F9D82D00AD00AA /* CVNCoverFlowLayout.m in Sources */ = {isa = PBXBuildFile; fileRef = BD71AAB418F9D82D00AD00AA /* CVNCoverFlowLayout.m */; };
		BD71AAB618F9D82D00AD00AA /* CVNCoverFlowLayout.m in Sources */ = {isa = PBXBuildFile; fileRef = BD71AAB418F9D82D00AD00AA /* CVNCoverFlowLayout.m */; };
		BDD13E5A18413FD6005259E0 /* Foundation.framework in Frameworks */ = {isa = PBXBuildFile; fileRef = BDD13E5918413FD6005259E0 /* Foundation.framework */; };
		BDD13E5C18413FD6005259E0 /* CoreGraphics.framework in Frameworks */ = {isa = PBXBuildFile; fileRef = BDD13E5B18413FD6005259E0 /* CoreGraphics.framework */; };
		BDD13E5E18413FD6005259E0 /* UIKit.framework in Frameworks */ = {isa = PBXBuildFile; fileRef = BDD13E5D18413FD6005259E0 /* UIKit.framework */; };
		BDD13E6418413FD6005259E0 /* InfoPlist.strings in Resources */ = {isa = PBXBuildFile; fileRef = BDD13E6218413FD6005259E0 /* InfoPlist.strings */; };
		BDD13E6618413FD6005259E0 /* main.m in Sources */ = {isa = PBXBuildFile; fileRef = BDD13E6518413FD6005259E0 /* main.m */; };
		BDD13E6A18413FD6005259E0 /* CVNAppDelegate.m in Sources */ = {isa = PBXBuildFile; fileRef = BDD13E6918413FD6005259E0 /* CVNAppDelegate.m */; };
		BDD13E6D18413FD6005259E0 /* Main_iPhone.storyboard in Resources */ = {isa = PBXBuildFile; fileRef = BDD13E6B18413FD6005259E0 /* Main_iPhone.storyboard */; };
		BDD13E7018413FD6005259E0 /* Main_iPad.storyboard in Resources */ = {isa = PBXBuildFile; fileRef = BDD13E6E18413FD6005259E0 /* Main_iPad.storyboard */; };
		BDD13E7318413FD6005259E0 /* CVNSeatingViewController.m in Sources */ = {isa = PBXBuildFile; fileRef = BDD13E7218413FD6005259E0 /* CVNSeatingViewController.m */; };
		BDD13E7818413FD6005259E0 /* Images.xcassets in Resources */ = {isa = PBXBuildFile; fileRef = BDD13E7718413FD6005259E0 /* Images.xcassets */; };
		BDD13E7F18413FD6005259E0 /* XCTest.framework in Frameworks */ = {isa = PBXBuildFile; fileRef = BDD13E7E18413FD6005259E0 /* XCTest.framework */; };
		BDD13E8018413FD6005259E0 /* Foundation.framework in Frameworks */ = {isa = PBXBuildFile; fileRef = BDD13E5918413FD6005259E0 /* Foundation.framework */; };
		BDD13E8118413FD6005259E0 /* UIKit.framework in Frameworks */ = {isa = PBXBuildFile; fileRef = BDD13E5D18413FD6005259E0 /* UIKit.framework */; };
		BDD13E8918413FD6005259E0 /* InfoPlist.strings in Resources */ = {isa = PBXBuildFile; fileRef = BDD13E8718413FD6005259E0 /* InfoPlist.strings */; };
		BDD13E8B18413FD6005259E0 /* GarsonTests.m in Sources */ = {isa = PBXBuildFile; fileRef = BDD13E8A18413FD6005259E0 /* GarsonTests.m */; };
/* End PBXBuildFile section */

/* Begin PBXContainerItemProxy section */
		BDD13E8218413FD6005259E0 /* PBXContainerItemProxy */ = {
			isa = PBXContainerItemProxy;
			containerPortal = BDD13E4E18413FD6005259E0 /* Project object */;
			proxyType = 1;
			remoteGlobalIDString = BDD13E5518413FD6005259E0;
			remoteInfo = Garson;
		};
/* End PBXContainerItemProxy section */

/* Begin PBXFileReference section */
		180CC02518E55BDF00983AA2 /* CVNOrderViewController.h */ = {isa = PBXFileReference; fileEncoding = 4; lastKnownFileType = sourcecode.c.h; path = CVNOrderViewController.h; sourceTree = "<group>"; };
		180CC02618E55BDF00983AA2 /* CVNOrderViewController.m */ = {isa = PBXFileReference; fileEncoding = 4; lastKnownFileType = sourcecode.c.objc; path = CVNOrderViewController.m; sourceTree = "<group>"; };
		180CC02918E763DC00983AA2 /* CVNUserTile.xib */ = {isa = PBXFileReference; fileEncoding = 4; lastKnownFileType = file.xib; path = CVNUserTile.xib; sourceTree = "<group>"; };
		18B83AF018E4244D001E626A /* libc++.dylib */ = {isa = PBXFileReference; lastKnownFileType = "compiled.mach-o.dylib"; name = "libc++.dylib"; path = "usr/lib/libc++.dylib"; sourceTree = SDKROOT; };
		18C9EC6818EA8EBF008D8344 /* CVNMenuSectionsViewController.h */ = {isa = PBXFileReference; fileEncoding = 4; lastKnownFileType = sourcecode.c.h; path = CVNMenuSectionsViewController.h; sourceTree = "<group>"; };
		18C9EC6918EA8EBF008D8344 /* CVNMenuSectionsViewController.m */ = {isa = PBXFileReference; fileEncoding = 4; lastKnownFileType = sourcecode.c.objc; path = CVNMenuSectionsViewController.m; sourceTree = "<group>"; };
		18C9EC6C18EAA22C008D8344 /* settings_local.plist */ = {isa = PBXFileReference; fileEncoding = 4; lastKnownFileType = text.plist.xml; path = settings_local.plist; sourceTree = "<group>"; };
		18C9EC7918EBEDC1008D8344 /* CVNMenuSectionCell.h */ = {isa = PBXFileReference; fileEncoding = 4; lastKnownFileType = sourcecode.c.h; path = CVNMenuSectionCell.h; sourceTree = "<group>"; };
		18C9EC7A18EBEDC1008D8344 /* CVNMenuSectionCell.m */ = {isa = PBXFileReference; fileEncoding = 4; lastKnownFileType = sourcecode.c.objc; path = CVNMenuSectionCell.m; sourceTree = "<group>"; };
		18C9EC7D18EBF816008D8344 /* hi_lo_sample.json */ = {isa = PBXFileReference; fileEncoding = 4; lastKnownFileType = text.json; path = hi_lo_sample.json; sourceTree = "<group>"; };
		18C9EC8418ED26A5008D8344 /* CVNMenuItemCell.h */ = {isa = PBXFileReference; fileEncoding = 4; lastKnownFileType = sourcecode.c.h; path = CVNMenuItemCell.h; sourceTree = "<group>"; };
		18C9EC8518ED26A5008D8344 /* CVNMenuItemCell.m */ = {isa = PBXFileReference; fileEncoding = 4; lastKnownFileType = sourcecode.c.objc; path = CVNMenuItemCell.m; sourceTree = "<group>"; };
		18CCA44818DF765F00DBFCE1 /* Lato-Bla.ttf */ = {isa = PBXFileReference; lastKnownFileType = file; path = "Lato-Bla.ttf"; sourceTree = "<group>"; };
		18CCA44918DF765F00DBFCE1 /* Lato-Bol.ttf */ = {isa = PBXFileReference; lastKnownFileType = file; path = "Lato-Bol.ttf"; sourceTree = "<group>"; };
		18CCA44A18DF765F00DBFCE1 /* Lato-Reg.ttf */ = {isa = PBXFileReference; lastKnownFileType = file; path = "Lato-Reg.ttf"; sourceTree = "<group>"; };
		18CCA44E18E0067900DBFCE1 /* CVNMenuViewController.h */ = {isa = PBXFileReference; fileEncoding = 4; lastKnownFileType = sourcecode.c.h; path = CVNMenuViewController.h; sourceTree = "<group>"; };
		18CCA44F18E0067900DBFCE1 /* CVNMenuViewController.m */ = {isa = PBXFileReference; fileEncoding = 4; lastKnownFileType = sourcecode.c.objc; path = CVNMenuViewController.m; sourceTree = "<group>"; };
		18CCA4A218E2C77A00DBFCE1 /* CVNUserTile.h */ = {isa = PBXFileReference; fileEncoding = 4; lastKnownFileType = sourcecode.c.h; path = CVNUserTile.h; sourceTree = "<group>"; };
		18CCA4A318E2C77A00DBFCE1 /* CVNUserTile.m */ = {isa = PBXFileReference; fileEncoding = 4; lastKnownFileType = sourcecode.c.objc; path = CVNUserTile.m; sourceTree = "<group>"; };
		18D8CB9618E88F4D00321E8C /* CVNOrderSummaryView.h */ = {isa = PBXFileReference; fileEncoding = 4; lastKnownFileType = sourcecode.c.h; path = CVNOrderSummaryView.h; sourceTree = "<group>"; };
		18D8CB9718E88F4D00321E8C /* CVNOrderSummaryView.m */ = {isa = PBXFileReference; fileEncoding = 4; lastKnownFileType = sourcecode.c.objc; path = CVNOrderSummaryView.m; sourceTree = "<group>"; };
		18D8CB9A18E88F6400321E8C /* CVNOrderSummaryView.xib */ = {isa = PBXFileReference; fileEncoding = 4; lastKnownFileType = file.xib; path = CVNOrderSummaryView.xib; sourceTree = "<group>"; };
		18D8CBA718E8EDC400321E8C /* CVNOrderItemCell.h */ = {isa = PBXFileReference; fileEncoding = 4; lastKnownFileType = sourcecode.c.h; path = CVNOrderItemCell.h; sourceTree = "<group>"; };
		18D8CBA818E8EDC400321E8C /* CVNOrderItemCell.m */ = {isa = PBXFileReference; fileEncoding = 4; lastKnownFileType = sourcecode.c.objc; path = CVNOrderItemCell.m; sourceTree = "<group>"; };
		18D8CBAB18E91F2900321E8C /* CVNMenuItemsViewController.h */ = {isa = PBXFileReference; fileEncoding = 4; lastKnownFileType = sourcecode.c.h; path = CVNMenuItemsViewController.h; sourceTree = "<group>"; };
		18D8CBAC18E91F2900321E8C /* CVNMenuItemsViewController.m */ = {isa = PBXFileReference; fileEncoding = 4; lastKnownFileType = sourcecode.c.objc; path = CVNMenuItemsViewController.m; sourceTree = "<group>"; };
		53D1A83D10B74A2B82B7263F /* Pods.xcconfig */ = {isa = PBXFileReference; includeInIndex = 1; lastKnownFileType = text.xcconfig; name = Pods.xcconfig; path = Pods/Pods.xcconfig; sourceTree = "<group>"; };
		A72D012F03864A1DAB50660D /* libPods.a */ = {isa = PBXFileReference; explicitFileType = archive.ar; includeInIndex = 0; path = libPods.a; sourceTree = BUILT_PRODUCTS_DIR; };
		BD71AAAF18F8EBDF00AD00AA /* CVNMenuContainerViewController.h */ = {isa = PBXFileReference; fileEncoding = 4; lastKnownFileType = sourcecode.c.h; path = CVNMenuContainerViewController.h; sourceTree = "<group>"; };
		BD71AAB018F8EBDF00AD00AA /* CVNMenuContainerViewController.m */ = {isa = PBXFileReference; fileEncoding = 4; lastKnownFileType = sourcecode.c.objc; path = CVNMenuContainerViewController.m; sourceTree = "<group>"; };
		BD71AAB318F9D82D00AD00AA /* CVNCoverFlowLayout.h */ = {isa = PBXFileReference; fileEncoding = 4; lastKnownFileType = sourcecode.c.h; path = CVNCoverFlowLayout.h; sourceTree = "<group>"; };
		BD71AAB418F9D82D00AD00AA /* CVNCoverFlowLayout.m */ = {isa = PBXFileReference; fileEncoding = 4; lastKnownFileType = sourcecode.c.objc; path = CVNCoverFlowLayout.m; sourceTree = "<group>"; };
		BDD13E5618413FD6005259E0 /* Garson.app */ = {isa = PBXFileReference; explicitFileType = wrapper.application; includeInIndex = 0; path = Garson.app; sourceTree = BUILT_PRODUCTS_DIR; };
		BDD13E5918413FD6005259E0 /* Foundation.framework */ = {isa = PBXFileReference; lastKnownFileType = wrapper.framework; name = Foundation.framework; path = System/Library/Frameworks/Foundation.framework; sourceTree = SDKROOT; };
		BDD13E5B18413FD6005259E0 /* CoreGraphics.framework */ = {isa = PBXFileReference; lastKnownFileType = wrapper.framework; name = CoreGraphics.framework; path = System/Library/Frameworks/CoreGraphics.framework; sourceTree = SDKROOT; };
		BDD13E5D18413FD6005259E0 /* UIKit.framework */ = {isa = PBXFileReference; lastKnownFileType = wrapper.framework; name = UIKit.framework; path = System/Library/Frameworks/UIKit.framework; sourceTree = SDKROOT; };
		BDD13E6118413FD6005259E0 /* Garson-Info.plist */ = {isa = PBXFileReference; lastKnownFileType = text.plist.xml; path = "Garson-Info.plist"; sourceTree = "<group>"; };
		BDD13E6318413FD6005259E0 /* en */ = {isa = PBXFileReference; lastKnownFileType = text.plist.strings; name = en; path = en.lproj/InfoPlist.strings; sourceTree = "<group>"; };
		BDD13E6518413FD6005259E0 /* main.m */ = {isa = PBXFileReference; lastKnownFileType = sourcecode.c.objc; path = main.m; sourceTree = "<group>"; };
		BDD13E6718413FD6005259E0 /* Garson-Prefix.pch */ = {isa = PBXFileReference; lastKnownFileType = sourcecode.c.h; path = "Garson-Prefix.pch"; sourceTree = "<group>"; };
		BDD13E6818413FD6005259E0 /* CVNAppDelegate.h */ = {isa = PBXFileReference; lastKnownFileType = sourcecode.c.h; path = CVNAppDelegate.h; sourceTree = "<group>"; };
		BDD13E6918413FD6005259E0 /* CVNAppDelegate.m */ = {isa = PBXFileReference; lastKnownFileType = sourcecode.c.objc; path = CVNAppDelegate.m; sourceTree = "<group>"; };
		BDD13E6C18413FD6005259E0 /* Base */ = {isa = PBXFileReference; lastKnownFileType = file.storyboard; name = Base; path = Base.lproj/Main_iPhone.storyboard; sourceTree = "<group>"; };
		BDD13E6F18413FD6005259E0 /* Base */ = {isa = PBXFileReference; lastKnownFileType = file.storyboard; name = Base; path = Base.lproj/Main_iPad.storyboard; sourceTree = "<group>"; };
		BDD13E7118413FD6005259E0 /* CVNSeatingViewController.h */ = {isa = PBXFileReference; lastKnownFileType = sourcecode.c.h; path = CVNSeatingViewController.h; sourceTree = "<group>"; };
		BDD13E7218413FD6005259E0 /* CVNSeatingViewController.m */ = {isa = PBXFileReference; lastKnownFileType = sourcecode.c.objc; path = CVNSeatingViewController.m; sourceTree = "<group>"; };
		BDD13E7718413FD6005259E0 /* Images.xcassets */ = {isa = PBXFileReference; lastKnownFileType = folder.assetcatalog; path = Images.xcassets; sourceTree = "<group>"; };
		BDD13E7D18413FD6005259E0 /* GarsonTests.xctest */ = {isa = PBXFileReference; explicitFileType = wrapper.cfbundle; includeInIndex = 0; path = GarsonTests.xctest; sourceTree = BUILT_PRODUCTS_DIR; };
		BDD13E7E18413FD6005259E0 /* XCTest.framework */ = {isa = PBXFileReference; lastKnownFileType = wrapper.framework; name = XCTest.framework; path = Library/Frameworks/XCTest.framework; sourceTree = DEVELOPER_DIR; };
		BDD13E8618413FD6005259E0 /* GarsonTests-Info.plist */ = {isa = PBXFileReference; lastKnownFileType = text.plist.xml; path = "GarsonTests-Info.plist"; sourceTree = "<group>"; };
		BDD13E8818413FD6005259E0 /* en */ = {isa = PBXFileReference; lastKnownFileType = text.plist.strings; name = en; path = en.lproj/InfoPlist.strings; sourceTree = "<group>"; };
		BDD13E8A18413FD6005259E0 /* GarsonTests.m */ = {isa = PBXFileReference; lastKnownFileType = sourcecode.c.objc; path = GarsonTests.m; sourceTree = "<group>"; };
		BDE5E00D18F1D6CD00AA185B /* CoreBluetooth.framework */ = {isa = PBXFileReference; lastKnownFileType = wrapper.framework; name = CoreBluetooth.framework; path = System/Library/Frameworks/CoreBluetooth.framework; sourceTree = SDKROOT; };
		BDE5E00E18F1D6CD00AA185B /* CoreLocation.framework */ = {isa = PBXFileReference; lastKnownFileType = wrapper.framework; name = CoreLocation.framework; path = System/Library/Frameworks/CoreLocation.framework; sourceTree = SDKROOT; };
		BDE5E01118F1D6EB00AA185B /* SystemConfiguration.framework */ = {isa = PBXFileReference; lastKnownFileType = wrapper.framework; name = SystemConfiguration.framework; path = System/Library/Frameworks/SystemConfiguration.framework; sourceTree = SDKROOT; };
/* End PBXFileReference section */

/* Begin PBXFrameworksBuildPhase section */
		BDD13E5318413FD6005259E0 /* Frameworks */ = {
			isa = PBXFrameworksBuildPhase;
			buildActionMask = 2147483647;
			files = (
				BDD13E5C18413FD6005259E0 /* CoreGraphics.framework in Frameworks */,
				BDD13E5E18413FD6005259E0 /* UIKit.framework in Frameworks */,
				BDD13E5A18413FD6005259E0 /* Foundation.framework in Frameworks */,
				1CE3B3FC740E4725899AA57A /* libPods.a in Frameworks */,
			);
			runOnlyForDeploymentPostprocessing = 0;
		};
		BDD13E7A18413FD6005259E0 /* Frameworks */ = {
			isa = PBXFrameworksBuildPhase;
			buildActionMask = 2147483647;
			files = (
				BDD13E7F18413FD6005259E0 /* XCTest.framework in Frameworks */,
				BDD13E8118413FD6005259E0 /* UIKit.framework in Frameworks */,
				BDD13E8018413FD6005259E0 /* Foundation.framework in Frameworks */,
			);
			runOnlyForDeploymentPostprocessing = 0;
		};
/* End PBXFrameworksBuildPhase section */

/* Begin PBXGroup section */
		18CCA44718DF763100DBFCE1 /* Fonts */ = {
			isa = PBXGroup;
			children = (
				18CCA44818DF765F00DBFCE1 /* Lato-Bla.ttf */,
				18CCA44918DF765F00DBFCE1 /* Lato-Bol.ttf */,
				18CCA44A18DF765F00DBFCE1 /* Lato-Reg.ttf */,
			);
			name = Fonts;
			sourceTree = "<group>";
		};
		18CCA4A118E2C75200DBFCE1 /* Views */ = {
			isa = PBXGroup;
			children = (
				18CCA4A218E2C77A00DBFCE1 /* CVNUserTile.h */,
				18CCA4A318E2C77A00DBFCE1 /* CVNUserTile.m */,
				180CC02918E763DC00983AA2 /* CVNUserTile.xib */,
				18D8CB9618E88F4D00321E8C /* CVNOrderSummaryView.h */,
				18D8CB9718E88F4D00321E8C /* CVNOrderSummaryView.m */,
				18D8CB9A18E88F6400321E8C /* CVNOrderSummaryView.xib */,
			);
			name = Views;
			sourceTree = "<group>";
		};
		18D8CB9518E7B8BD00321E8C /* TransitionAnimators */ = {
			isa = PBXGroup;
			children = (
			);
			name = TransitionAnimators;
			sourceTree = "<group>";
		};
		BD522D401841448B00A582AF /* iPhoneUI */ = {
			isa = PBXGroup;
			children = (
				BDD13E6B18413FD6005259E0 /* Main_iPhone.storyboard */,
			);
			name = iPhoneUI;
			sourceTree = "<group>";
		};
		BD522D411841449A00A582AF /* iPadUI */ = {
			isa = PBXGroup;
			children = (
				BDD13E6E18413FD6005259E0 /* Main_iPad.storyboard */,
			);
			name = iPadUI;
			sourceTree = "<group>";
		};
		BDD13E4D18413FD6005259E0 = {
			isa = PBXGroup;
			children = (
				BDD13E5F18413FD6005259E0 /* Garson */,
				BDD13E8418413FD6005259E0 /* GarsonTests */,
				BDD13E5818413FD6005259E0 /* Frameworks */,
				BDD13E5718413FD6005259E0 /* Products */,
				53D1A83D10B74A2B82B7263F /* Pods.xcconfig */,
			);
			sourceTree = "<group>";
		};
		BDD13E5718413FD6005259E0 /* Products */ = {
			isa = PBXGroup;
			children = (
				BDD13E5618413FD6005259E0 /* Garson.app */,
				BDD13E7D18413FD6005259E0 /* GarsonTests.xctest */,
			);
			name = Products;
			sourceTree = "<group>";
		};
		BDD13E5818413FD6005259E0 /* Frameworks */ = {
			isa = PBXGroup;
			children = (
				BDE5E01118F1D6EB00AA185B /* SystemConfiguration.framework */,
				BDE5E00D18F1D6CD00AA185B /* CoreBluetooth.framework */,
				BDE5E00E18F1D6CD00AA185B /* CoreLocation.framework */,
				18B83AF018E4244D001E626A /* libc++.dylib */,
				BDD13E5918413FD6005259E0 /* Foundation.framework */,
				BDD13E5B18413FD6005259E0 /* CoreGraphics.framework */,
				BDD13E5D18413FD6005259E0 /* UIKit.framework */,
				BDD13E7E18413FD6005259E0 /* XCTest.framework */,
				A72D012F03864A1DAB50660D /* libPods.a */,
			);
			name = Frameworks;
			sourceTree = "<group>";
		};
		BDD13E5F18413FD6005259E0 /* Garson */ = {
			isa = PBXGroup;
			children = (
				18D8CB9518E7B8BD00321E8C /* TransitionAnimators */,
				18CCA4A118E2C75200DBFCE1 /* Views */,
				BD522D411841449A00A582AF /* iPadUI */,
				BD522D401841448B00A582AF /* iPhoneUI */,
				BDD13E6818413FD6005259E0 /* CVNAppDelegate.h */,
				BDD13E6918413FD6005259E0 /* CVNAppDelegate.m */,
				BDD13E7118413FD6005259E0 /* CVNSeatingViewController.h */,
				BDD13E7218413FD6005259E0 /* CVNSeatingViewController.m */,
				BDD13E7718413FD6005259E0 /* Images.xcassets */,
				BDD13E6018413FD6005259E0 /* Supporting Files */,
				18CCA44E18E0067900DBFCE1 /* CVNMenuViewController.h */,
				18CCA44F18E0067900DBFCE1 /* CVNMenuViewController.m */,
				180CC02518E55BDF00983AA2 /* CVNOrderViewController.h */,
				180CC02618E55BDF00983AA2 /* CVNOrderViewController.m */,
				18D8CBA718E8EDC400321E8C /* CVNOrderItemCell.h */,
				18D8CBA818E8EDC400321E8C /* CVNOrderItemCell.m */,
				18D8CBAB18E91F2900321E8C /* CVNMenuItemsViewController.h */,
				18D8CBAC18E91F2900321E8C /* CVNMenuItemsViewController.m */,
				18C9EC6818EA8EBF008D8344 /* CVNMenuSectionsViewController.h */,
				18C9EC6918EA8EBF008D8344 /* CVNMenuSectionsViewController.m */,
				18C9EC7918EBEDC1008D8344 /* CVNMenuSectionCell.h */,
				18C9EC7A18EBEDC1008D8344 /* CVNMenuSectionCell.m */,
				18C9EC8418ED26A5008D8344 /* CVNMenuItemCell.h */,
				18C9EC8518ED26A5008D8344 /* CVNMenuItemCell.m */,
				BD71AAAF18F8EBDF00AD00AA /* CVNMenuContainerViewController.h */,
				BD71AAB018F8EBDF00AD00AA /* CVNMenuContainerViewController.m */,
				BD71AAB318F9D82D00AD00AA /* CVNCoverFlowLayout.h */,
				BD71AAB418F9D82D00AD00AA /* CVNCoverFlowLayout.m */,
			);
			path = Garson;
			sourceTree = "<group>";
		};
		BDD13E6018413FD6005259E0 /* Supporting Files */ = {
			isa = PBXGroup;
			children = (
				18C9EC7D18EBF816008D8344 /* hi_lo_sample.json */,
				18CCA44718DF763100DBFCE1 /* Fonts */,
				BDD13E6118413FD6005259E0 /* Garson-Info.plist */,
				BDD13E6218413FD6005259E0 /* InfoPlist.strings */,
				BDD13E6518413FD6005259E0 /* main.m */,
				BDD13E6718413FD6005259E0 /* Garson-Prefix.pch */,
				18C9EC6C18EAA22C008D8344 /* settings_local.plist */,
			);
			name = "Supporting Files";
			sourceTree = "<group>";
		};
		BDD13E8418413FD6005259E0 /* GarsonTests */ = {
			isa = PBXGroup;
			children = (
				BDD13E8A18413FD6005259E0 /* GarsonTests.m */,
				BDD13E8518413FD6005259E0 /* Supporting Files */,
			);
			path = GarsonTests;
			sourceTree = "<group>";
		};
		BDD13E8518413FD6005259E0 /* Supporting Files */ = {
			isa = PBXGroup;
			children = (
				BDD13E8618413FD6005259E0 /* GarsonTests-Info.plist */,
				BDD13E8718413FD6005259E0 /* InfoPlist.strings */,
			);
			name = "Supporting Files";
			sourceTree = "<group>";
		};
/* End PBXGroup section */

/* Begin PBXNativeTarget section */
		BDD13E5518413FD6005259E0 /* Garson */ = {
			isa = PBXNativeTarget;
			buildConfigurationList = BDD13E8E18413FD6005259E0 /* Build configuration list for PBXNativeTarget "Garson" */;
			buildPhases = (
				6F68220A6B5C44CA9980D63D /* Check Pods Manifest.lock */,
				BDD13E5218413FD6005259E0 /* Sources */,
				BDD13E5318413FD6005259E0 /* Frameworks */,
				BDD13E5418413FD6005259E0 /* Resources */,
				A83F234AAAE7453D9194351B /* Copy Pods Resources */,
			);
			buildRules = (
			);
			dependencies = (
			);
			name = Garson;
			productName = Garson;
			productReference = BDD13E5618413FD6005259E0 /* Garson.app */;
			productType = "com.apple.product-type.application";
		};
		BDD13E7C18413FD6005259E0 /* GarsonTests */ = {
			isa = PBXNativeTarget;
			buildConfigurationList = BDD13E9118413FD6005259E0 /* Build configuration list for PBXNativeTarget "GarsonTests" */;
			buildPhases = (
				BDD13E7918413FD6005259E0 /* Sources */,
				BDD13E7A18413FD6005259E0 /* Frameworks */,
				BDD13E7B18413FD6005259E0 /* Resources */,
			);
			buildRules = (
			);
			dependencies = (
				BDD13E8318413FD6005259E0 /* PBXTargetDependency */,
			);
			name = GarsonTests;
			productName = GarsonTests;
			productReference = BDD13E7D18413FD6005259E0 /* GarsonTests.xctest */;
			productType = "com.apple.product-type.bundle.unit-test";
		};
/* End PBXNativeTarget section */

/* Begin PBXProject section */
		BDD13E4E18413FD6005259E0 /* Project object */ = {
			isa = PBXProject;
			attributes = {
				CLASSPREFIX = CV;
				LastUpgradeCheck = 0500;
				ORGANIZATIONNAME = CodingVentures;
				TargetAttributes = {
					BDD13E7C18413FD6005259E0 = {
						TestTargetID = BDD13E5518413FD6005259E0;
					};
				};
			};
			buildConfigurationList = BDD13E5118413FD6005259E0 /* Build configuration list for PBXProject "Garson" */;
			compatibilityVersion = "Xcode 3.2";
			developmentRegion = English;
			hasScannedForEncodings = 0;
			knownRegions = (
				en,
				Base,
			);
			mainGroup = BDD13E4D18413FD6005259E0;
			productRefGroup = BDD13E5718413FD6005259E0 /* Products */;
			projectDirPath = "";
			projectRoot = "";
			targets = (
				BDD13E5518413FD6005259E0 /* Garson */,
				BDD13E7C18413FD6005259E0 /* GarsonTests */,
			);
		};
/* End PBXProject section */

/* Begin PBXResourcesBuildPhase section */
		BDD13E5418413FD6005259E0 /* Resources */ = {
			isa = PBXResourcesBuildPhase;
			buildActionMask = 2147483647;
			files = (
				BDD13E7018413FD6005259E0 /* Main_iPad.storyboard in Resources */,
				18C9EC6D18EAA22C008D8344 /* settings_local.plist in Resources */,
				18D8CB9B18E88F6400321E8C /* CVNOrderSummaryView.xib in Resources */,
				BDD13E7818413FD6005259E0 /* Images.xcassets in Resources */,
				18C9EC7E18EBF816008D8344 /* hi_lo_sample.json in Resources */,
				18CCA44C18DF765F00DBFCE1 /* Lato-Bol.ttf in Resources */,
				BDD13E6D18413FD6005259E0 /* Main_iPhone.storyboard in Resources */,
				180CC02A18E763DC00983AA2 /* CVNUserTile.xib in Resources */,
				18CCA44D18DF765F00DBFCE1 /* Lato-Reg.ttf in Resources */,
				BDD13E6418413FD6005259E0 /* InfoPlist.strings in Resources */,
				18CCA44B18DF765F00DBFCE1 /* Lato-Bla.ttf in Resources */,
			);
			runOnlyForDeploymentPostprocessing = 0;
		};
		BDD13E7B18413FD6005259E0 /* Resources */ = {
			isa = PBXResourcesBuildPhase;
			buildActionMask = 2147483647;
			files = (
				180CC02B18E763DC00983AA2 /* CVNUserTile.xib in Resources */,
				18C9EC6E18EAA22C008D8344 /* settings_local.plist in Resources */,
				18D8CB9C18E88F6400321E8C /* CVNOrderSummaryView.xib in Resources */,
				BDD13E8918413FD6005259E0 /* InfoPlist.strings in Resources */,
				18C9EC7F18EBF816008D8344 /* hi_lo_sample.json in Resources */,
			);
			runOnlyForDeploymentPostprocessing = 0;
		};
/* End PBXResourcesBuildPhase section */

/* Begin PBXShellScriptBuildPhase section */
		6F68220A6B5C44CA9980D63D /* Check Pods Manifest.lock */ = {
			isa = PBXShellScriptBuildPhase;
			buildActionMask = 2147483647;
			files = (
			);
			inputPaths = (
			);
			name = "Check Pods Manifest.lock";
			outputPaths = (
			);
			runOnlyForDeploymentPostprocessing = 0;
			shellPath = /bin/sh;
			shellScript = "diff \"${PODS_ROOT}/../Podfile.lock\" \"${PODS_ROOT}/Manifest.lock\" > /dev/null\nif [[ $? != 0 ]] ; then\n    cat << EOM\nerror: The sandbox is not in sync with the Podfile.lock. Run 'pod install' or update your CocoaPods installation.\nEOM\n    exit 1\nfi\n";
			showEnvVarsInLog = 0;
		};
		A83F234AAAE7453D9194351B /* Copy Pods Resources */ = {
			isa = PBXShellScriptBuildPhase;
			buildActionMask = 2147483647;
			files = (
			);
			inputPaths = (
			);
			name = "Copy Pods Resources";
			outputPaths = (
			);
			runOnlyForDeploymentPostprocessing = 0;
			shellPath = /bin/sh;
			shellScript = "\"${SRCROOT}/Pods/Pods-resources.sh\"\n";
			showEnvVarsInLog = 0;
		};
/* End PBXShellScriptBuildPhase section */

/* Begin PBXSourcesBuildPhase section */
		BDD13E5218413FD6005259E0 /* Sources */ = {
			isa = PBXSourcesBuildPhase;
			buildActionMask = 2147483647;
			files = (
				18CCA4A418E2C77A00DBFCE1 /* CVNUserTile.m in Sources */,
				18C9EC6A18EA8EBF008D8344 /* CVNMenuSectionsViewController.m in Sources */,
				18D8CB9818E88F4D00321E8C /* CVNOrderSummaryView.m in Sources */,
				BDD13E6618413FD6005259E0 /* main.m in Sources */,
				BD71AAB118F8EBDF00AD00AA /* CVNMenuContainerViewController.m in Sources */,
				18D8CBAD18E91F2900321E8C /* CVNMenuItemsViewController.m in Sources */,
				18C9EC7B18EBEDC1008D8344 /* CVNMenuSectionCell.m in Sources */,
				18CCA45018E0067900DBFCE1 /* CVNMenuViewController.m in Sources */,
				18C9EC8618ED26A5008D8344 /* CVNMenuItemCell.m in Sources */,
				BDD13E7318413FD6005259E0 /* CVNSeatingViewController.m in Sources */,
				BDD13E6A18413FD6005259E0 /* CVNAppDelegate.m in Sources */,
				180CC02718E55BDF00983AA2 /* CVNOrderViewController.m in Sources */,
				18D8CBA918E8EDC400321E8C /* CVNOrderItemCell.m in Sources */,
				BD71AAB518F9D82D00AD00AA /* CVNCoverFlowLayout.m in Sources */,
			);
			runOnlyForDeploymentPostprocessing = 0;
		};
		BDD13E7918413FD6005259E0 /* Sources */ = {
			isa = PBXSourcesBuildPhase;
			buildActionMask = 2147483647;
			files = (
				18CCA4A518E2C77A00DBFCE1 /* CVNUserTile.m in Sources */,
				18D8CB9918E88F4D00321E8C /* CVNOrderSummaryView.m in Sources */,
				18C9EC7C18EBEDC1008D8344 /* CVNMenuSectionCell.m in Sources */,
				18C9EC8718ED26A5008D8344 /* CVNMenuItemCell.m in Sources */,
				180CC02818E55BDF00983AA2 /* CVNOrderViewController.m in Sources */,
				BD71AAB218F8EBDF00AD00AA /* CVNMenuContainerViewController.m in Sources */,
				BDD13E8B18413FD6005259E0 /* GarsonTests.m in Sources */,
				BD71AAB618F9D82D00AD00AA /* CVNCoverFlowLayout.m in Sources */,
				18CCA45118E0067900DBFCE1 /* CVNMenuViewController.m in Sources */,
				18C9EC6B18EA8EBF008D8344 /* CVNMenuSectionsViewController.m in Sources */,
				18D8CBAA18E8EDC400321E8C /* CVNOrderItemCell.m in Sources */,
				18D8CBAE18E91F2900321E8C /* CVNMenuItemsViewController.m in Sources */,
			);
			runOnlyForDeploymentPostprocessing = 0;
		};
/* End PBXSourcesBuildPhase section */

/* Begin PBXTargetDependency section */
		BDD13E8318413FD6005259E0 /* PBXTargetDependency */ = {
			isa = PBXTargetDependency;
			target = BDD13E5518413FD6005259E0 /* Garson */;
			targetProxy = BDD13E8218413FD6005259E0 /* PBXContainerItemProxy */;
		};
/* End PBXTargetDependency section */

/* Begin PBXVariantGroup section */
		BDD13E6218413FD6005259E0 /* InfoPlist.strings */ = {
			isa = PBXVariantGroup;
			children = (
				BDD13E6318413FD6005259E0 /* en */,
			);
			name = InfoPlist.strings;
			sourceTree = "<group>";
		};
		BDD13E6B18413FD6005259E0 /* Main_iPhone.storyboard */ = {
			isa = PBXVariantGroup;
			children = (
				BDD13E6C18413FD6005259E0 /* Base */,
			);
			name = Main_iPhone.storyboard;
			sourceTree = "<group>";
		};
		BDD13E6E18413FD6005259E0 /* Main_iPad.storyboard */ = {
			isa = PBXVariantGroup;
			children = (
				BDD13E6F18413FD6005259E0 /* Base */,
			);
			name = Main_iPad.storyboard;
			sourceTree = "<group>";
		};
		BDD13E8718413FD6005259E0 /* InfoPlist.strings */ = {
			isa = PBXVariantGroup;
			children = (
				BDD13E8818413FD6005259E0 /* en */,
			);
			name = InfoPlist.strings;
			sourceTree = "<group>";
		};
/* End PBXVariantGroup section */

/* Begin XCBuildConfiguration section */
		BDD13E8C18413FD6005259E0 /* Debug */ = {
			isa = XCBuildConfiguration;
			buildSettings = {
				ALWAYS_SEARCH_USER_PATHS = NO;
				ARCHS = "$(ARCHS_STANDARD_INCLUDING_64_BIT)";
				CLANG_CXX_LANGUAGE_STANDARD = "gnu++0x";
				CLANG_CXX_LIBRARY = "libc++";
				CLANG_ENABLE_MODULES = YES;
				CLANG_ENABLE_OBJC_ARC = YES;
				CLANG_WARN_BOOL_CONVERSION = YES;
				CLANG_WARN_CONSTANT_CONVERSION = YES;
				CLANG_WARN_DIRECT_OBJC_ISA_USAGE = YES_ERROR;
				CLANG_WARN_EMPTY_BODY = YES;
				CLANG_WARN_ENUM_CONVERSION = YES;
				CLANG_WARN_INT_CONVERSION = YES;
				CLANG_WARN_OBJC_ROOT_CLASS = YES_ERROR;
				CLANG_WARN__DUPLICATE_METHOD_MATCH = YES;
				"CODE_SIGN_IDENTITY[sdk=iphoneos*]" = "iPhone Developer";
				COPY_PHASE_STRIP = NO;
				GCC_C_LANGUAGE_STANDARD = gnu99;
				GCC_DYNAMIC_NO_PIC = NO;
				GCC_OPTIMIZATION_LEVEL = 0;
				GCC_PREPROCESSOR_DEFINITIONS = (
					"DEBUG=1",
					"$(inherited)",
				);
				GCC_SYMBOLS_PRIVATE_EXTERN = NO;
				GCC_WARN_64_TO_32_BIT_CONVERSION = YES;
				GCC_WARN_ABOUT_RETURN_TYPE = YES_ERROR;
				GCC_WARN_UNDECLARED_SELECTOR = YES;
				GCC_WARN_UNINITIALIZED_AUTOS = YES;
				GCC_WARN_UNUSED_FUNCTION = YES;
				GCC_WARN_UNUSED_VARIABLE = YES;
				IPHONEOS_DEPLOYMENT_TARGET = 7.0;
				ONLY_ACTIVE_ARCH = YES;
				SDKROOT = iphoneos;
				TARGETED_DEVICE_FAMILY = "1,2";
			};
			name = Debug;
		};
		BDD13E8D18413FD6005259E0 /* Release */ = {
			isa = XCBuildConfiguration;
			buildSettings = {
				ALWAYS_SEARCH_USER_PATHS = NO;
				ARCHS = "$(ARCHS_STANDARD_INCLUDING_64_BIT)";
				CLANG_CXX_LANGUAGE_STANDARD = "gnu++0x";
				CLANG_CXX_LIBRARY = "libc++";
				CLANG_ENABLE_MODULES = YES;
				CLANG_ENABLE_OBJC_ARC = YES;
				CLANG_WARN_BOOL_CONVERSION = YES;
				CLANG_WARN_CONSTANT_CONVERSION = YES;
				CLANG_WARN_DIRECT_OBJC_ISA_USAGE = YES_ERROR;
				CLANG_WARN_EMPTY_BODY = YES;
				CLANG_WARN_ENUM_CONVERSION = YES;
				CLANG_WARN_INT_CONVERSION = YES;
				CLANG_WARN_OBJC_ROOT_CLASS = YES_ERROR;
				CLANG_WARN__DUPLICATE_METHOD_MATCH = YES;
				"CODE_SIGN_IDENTITY[sdk=iphoneos*]" = "iPhone Developer";
				COPY_PHASE_STRIP = YES;
				ENABLE_NS_ASSERTIONS = NO;
				GCC_C_LANGUAGE_STANDARD = gnu99;
				GCC_WARN_64_TO_32_BIT_CONVERSION = YES;
				GCC_WARN_ABOUT_RETURN_TYPE = YES_ERROR;
				GCC_WARN_UNDECLARED_SELECTOR = YES;
				GCC_WARN_UNINITIALIZED_AUTOS = YES;
				GCC_WARN_UNUSED_FUNCTION = YES;
				GCC_WARN_UNUSED_VARIABLE = YES;
				IPHONEOS_DEPLOYMENT_TARGET = 7.0;
				SDKROOT = iphoneos;
				TARGETED_DEVICE_FAMILY = "1,2";
				VALIDATE_PRODUCT = YES;
			};
			name = Release;
		};
		BDD13E8F18413FD6005259E0 /* Debug */ = {
			isa = XCBuildConfiguration;
			baseConfigurationReference = 53D1A83D10B74A2B82B7263F /* Pods.xcconfig */;
			buildSettings = {
				ASSETCATALOG_COMPILER_APPICON_NAME = AppIcon;
				ASSETCATALOG_COMPILER_LAUNCHIMAGE_NAME = LaunchImage;
				GCC_PRECOMPILE_PREFIX_HEADER = YES;
				GCC_PREFIX_HEADER = "Garson/Garson-Prefix.pch";
				INFOPLIST_FILE = "Garson/Garson-Info.plist";
				PRODUCT_NAME = "$(TARGET_NAME)";
				WRAPPER_EXTENSION = app;
			};
			name = Debug;
		};
		BDD13E9018413FD6005259E0 /* Release */ = {
			isa = XCBuildConfiguration;
			baseConfigurationReference = 53D1A83D10B74A2B82B7263F /* Pods.xcconfig */;
			buildSettings = {
				ASSETCATALOG_COMPILER_APPICON_NAME = AppIcon;
				ASSETCATALOG_COMPILER_LAUNCHIMAGE_NAME = LaunchImage;
				GCC_PRECOMPILE_PREFIX_HEADER = YES;
				GCC_PREFIX_HEADER = "Garson/Garson-Prefix.pch";
				INFOPLIST_FILE = "Garson/Garson-Info.plist";
				PRODUCT_NAME = "$(TARGET_NAME)";
				WRAPPER_EXTENSION = app;
			};
			name = Release;
		};
		BDD13E9218413FD6005259E0 /* Debug */ = {
			isa = XCBuildConfiguration;
			buildSettings = {
				ARCHS = "$(ARCHS_STANDARD_INCLUDING_64_BIT)";
				BUNDLE_LOADER = "$(BUILT_PRODUCTS_DIR)/Garson.app/Garson";
				FRAMEWORK_SEARCH_PATHS = (
					"$(SDKROOT)/Developer/Library/Frameworks",
					"$(inherited)",
					"$(DEVELOPER_FRAMEWORKS_DIR)",
				);
				GCC_PRECOMPILE_PREFIX_HEADER = YES;
				GCC_PREFIX_HEADER = "Garson/Garson-Prefix.pch";
				GCC_PREPROCESSOR_DEFINITIONS = (
					"DEBUG=1",
					"$(inherited)",
				);
				INFOPLIST_FILE = "GarsonTests/GarsonTests-Info.plist";
				PRODUCT_NAME = "$(TARGET_NAME)";
				TEST_HOST = "$(BUNDLE_LOADER)";
				WRAPPER_EXTENSION = xctest;
			};
			name = Debug;
		};
		BDD13E9318413FD6005259E0 /* Release */ = {
			isa = XCBuildConfiguration;
			buildSettings = {
				ARCHS = "$(ARCHS_STANDARD_INCLUDING_64_BIT)";
				BUNDLE_LOADER = "$(BUILT_PRODUCTS_DIR)/Garson.app/Garson";
				FRAMEWORK_SEARCH_PATHS = (
					"$(SDKROOT)/Developer/Library/Frameworks",
					"$(inherited)",
					"$(DEVELOPER_FRAMEWORKS_DIR)",
				);
				GCC_PRECOMPILE_PREFIX_HEADER = YES;
				GCC_PREFIX_HEADER = "Garson/Garson-Prefix.pch";
				INFOPLIST_FILE = "GarsonTests/GarsonTests-Info.plist";
				PRODUCT_NAME = "$(TARGET_NAME)";
				TEST_HOST = "$(BUNDLE_LOADER)";
				WRAPPER_EXTENSION = xctest;
			};
			name = Release;
		};
/* End XCBuildConfiguration section */

/* Begin XCConfigurationList section */
		BDD13E5118413FD6005259E0 /* Build configuration list for PBXProject "Garson" */ = {
			isa = XCConfigurationList;
			buildConfigurations = (
				BDD13E8C18413FD6005259E0 /* Debug */,
				BDD13E8D18413FD6005259E0 /* Release */,
			);
			defaultConfigurationIsVisible = 0;
			defaultConfigurationName = Release;
		};
		BDD13E8E18413FD6005259E0 /* Build configuration list for PBXNativeTarget "Garson" */ = {
			isa = XCConfigurationList;
			buildConfigurations = (
				BDD13E8F18413FD6005259E0 /* Debug */,
				BDD13E9018413FD6005259E0 /* Release */,
			);
			defaultConfigurationIsVisible = 0;
			defaultConfigurationName = Release;
		};
		BDD13E9118413FD6005259E0 /* Build configuration list for PBXNativeTarget "GarsonTests" */ = {
			isa = XCConfigurationList;
			buildConfigurations = (
				BDD13E9218413FD6005259E0 /* Debug */,
				BDD13E9318413FD6005259E0 /* Release */,
			);
			defaultConfigurationIsVisible = 0;
			defaultConfigurationName = Release;
		};
/* End XCConfigurationList section */
	};
	rootObject = BDD13E4E18413FD6005259E0 /* Project object */;
}
